
Microsoft Visual Studio Solution File, Format Version 12.00
# Visual Studio 15
VisualStudioVersion = 15.0.28307.645
MinimumVisualStudioVersion = 10.0.40219.1
Project("{FAE04EC0-301F-11D3-BF4B-00C04F79EFBC}") = "Lab23Shop", "Lab23Shop\Lab23Shop.csproj", "{1F1352B1-F891-4CD4-B155-D63E688C3908}"
EndProject
Global
	GlobalSection(SolutionConfigurationPlatforms) = preSolution
		Debug|Any CPU = Debug|Any CPU
		Release|Any CPU = Release|Any CPU
	EndGlobalSection
	GlobalSection(ProjectConfigurationPlatforms) = postSolution
		{1F1352B1-F891-4CD4-B155-D63E688C3908}.Debug|Any CPU.ActiveCfg = Debug|Any CPU
		{1F1352B1-F891-4CD4-B155-D63E688C3908}.Debug|Any CPU.Build.0 = Debug|Any CPU
		{1F1352B1-F891-4CD4-B155-D63E688C3908}.Release|Any CPU.ActiveCfg = Release|Any CPU
		{1F1352B1-F891-4CD4-B155-D63E688C3908}.Release|Any CPU.Build.0 = Release|Any CPU
	EndGlobalSection
	GlobalSection(SolutionProperties) = preSolution
		HideSolutionNode = FALSE
	EndGlobalSection
	GlobalSection(ExtensibilityGlobals) = postSolution
		SolutionGuid = {B8481BA2-E129-4E58-ADA4-A894E4B87F34}
	EndGlobalSection
EndGlobal
